
Microsoft Visual Studio Solution File, Format Version 12.00
Project("{FAE04EC0-301F-11D3-BF4B-00C04F79EFBC}") = "apbd-cw1-git-s34754", "apbd-cw1-git-s34754\apbd-cw1-git-s34754.csproj", "{C3F6A0E2-9052-4DC5-AD50-140AD7E2887E}"
EndProject
Global
	GlobalSection(SolutionConfigurationPlatforms) = preSolution
		Debug|Any CPU = Debug|Any CPU
		Release|Any CPU = Release|Any CPU
	EndGlobalSection
	GlobalSection(ProjectConfigurationPlatforms) = postSolution
		{C3F6A0E2-9052-4DC5-AD50-140AD7E2887E}.Debug|Any CPU.ActiveCfg = Debug|Any CPU
		{C3F6A0E2-9052-4DC5-AD50-140AD7E2887E}.Debug|Any CPU.Build.0 = Debug|Any CPU
		{C3F6A0E2-9052-4DC5-AD50-140AD7E2887E}.Release|Any CPU.ActiveCfg = Release|Any CPU
		{C3F6A0E2-9052-4DC5-AD50-140AD7E2887E}.Release|Any CPU.Build.0 = Release|Any CPU
	EndGlobalSection
EndGlobal
